// !$*UTF8*$!
{
	archiveVersion = 1;
	classes = {
	};
	objectVersion = 46;
	objects = {

/* Begin PBXBuildFile section */
		5A393CCD1B70AC310077B1A7 /* main.m in Sources */ = {isa = PBXBuildFile; fileRef = 5A393CCC1B70AC310077B1A7 /* main.m */; };
		5A393CD01B70AC310077B1A7 /* AppDelegate.m in Sources */ = {isa = PBXBuildFile; fileRef = 5A393CCF1B70AC310077B1A7 /* AppDelegate.m */; };
		5A393CD31B70AC310077B1A7 /* ViewController.m in Sources */ = {isa = PBXBuildFile; fileRef = 5A393CD21B70AC310077B1A7 /* ViewController.m */; };
		5A393CD61B70AC310077B1A7 /* Main.storyboard in Resources */ = {isa = PBXBuildFile; fileRef = 5A393CD41B70AC310077B1A7 /* Main.storyboard */; };
		5A393CD81B70AC310077B1A7 /* Assets.xcassets in Resources */ = {isa = PBXBuildFile; fileRef = 5A393CD71B70AC310077B1A7 /* Assets.xcassets */; };
		5A393CDB1B70AC310077B1A7 /* LaunchScreen.storyboard in Resources */ = {isa = PBXBuildFile; fileRef = 5A393CD91B70AC310077B1A7 /* LaunchScreen.storyboard */; };
		5ABBB0991B72ECC50007A852 /* UIWebView+JavaScript.m in Sources */ = {isa = PBXBuildFile; fileRef = 5ABBB0981B72ECC50007A852 /* UIWebView+JavaScript.m */; };
/* End PBXBuildFile section */

/* Begin PBXFileReference section */
		5A393CC81B70AC310077B1A7 /* MyJSView.app */ = {isa = PBXFileReference; explicitFileType = wrapper.application; includeInIndex = 0; path = MyJSView.app; sourceTree = BUILT_PRODUCTS_DIR; };
		5A393CCC1B70AC310077B1A7 /* main.m */ = {isa = PBXFileReference; lastKnownFileType = sourcecode.c.objc; path = main.m; sourceTree = "<group>"; };
		5A393CCE1B70AC310077B1A7 /* AppDelegate.h */ = {isa = PBXFileReference; lastKnownFileType = sourcecode.c.h; path = AppDelegate.h; sourceTree = "<group>"; };
		5A393CCF1B70AC310077B1A7 /* AppDelegate.m */ = {isa = PBXFileReference; lastKnownFileType = sourcecode.c.objc; path = AppDelegate.m; sourceTree = "<group>"; };
		5A393CD11B70AC310077B1A7 /* ViewController.h */ = {isa = PBXFileReference; lastKnownFileType = sourcecode.c.h; path = ViewController.h; sourceTree = "<group>"; };
		5A393CD21B70AC310077B1A7 /* ViewController.m */ = {isa = PBXFileReference; lastKnownFileType = sourcecode.c.objc; path = ViewController.m; sourceTree = "<group>"; };
		5A393CD51B70AC310077B1A7 /* Base */ = {isa = PBXFileReference; lastKnownFileType = file.storyboard; name = Base; path = Base.lproj/Main.storyboard; sourceTree = "<group>"; };
		5A393CD71B70AC310077B1A7 /* Assets.xcassets */ = {isa = PBXFileReference; lastKnownFileType = folder.assetcatalog; path = Assets.xcassets; sourceTree = "<group>"; };
		5A393CDA1B70AC310077B1A7 /* Base */ = {isa = PBXFileReference; lastKnownFileType = file.storyboard; name = Base; path = Base.lproj/LaunchScreen.storyboard; sourceTree = "<group>"; };
		5A393CDC1B70AC310077B1A7 /* Info.plist */ = {isa = PBXFileReference; lastKnownFileType = text.plist.xml; path = Info.plist; sourceTree = "<group>"; };
		5ABBB0971B72ECC50007A852 /* UIWebView+JavaScript.h */ = {isa = PBXFileReference; fileEncoding = 4; lastKnownFileType = sourcecode.c.h; path = "UIWebView+JavaScript.h"; sourceTree = "<group>"; };
		5ABBB0981B72ECC50007A852 /* UIWebView+JavaScript.m */ = {isa = PBXFileReference; fileEncoding = 4; lastKnownFileType = sourcecode.c.objc; path = "UIWebView+JavaScript.m"; sourceTree = "<group>"; };
/* End PBXFileReference section */

/* Begin PBXFrameworksBuildPhase section */
		5A393CC51B70AC310077B1A7 /* Frameworks */ = {
			isa = PBXFrameworksBuildPhase;
			buildActionMask = 2147483647;
			files = (
			);
			runOnlyForDeploymentPostprocessing = 0;
		};
/* End PBXFrameworksBuildPhase section */

/* Begin PBXGroup section */
		5A393CBF1B70AC310077B1A7 = {
			isa = PBXGroup;
			children = (
				5A393CCA1B70AC310077B1A7 /* MyJSView */,
				5A393CC91B70AC310077B1A7 /* Products */,
			);
			sourceTree = "<group>";
		};
		5A393CC91B70AC310077B1A7 /* Products */ = {
			isa = PBXGroup;
			children = (
				5A393CC81B70AC310077B1A7 /* MyJSView.app */,
			);
			name = Products;
			sourceTree = "<group>";
		};
		5A393CCA1B70AC310077B1A7 /* MyJSView */ = {
			isa = PBXGroup;
			children = (
				5A393CCE1B70AC310077B1A7 /* AppDelegate.h */,
				5A393CCF1B70AC310077B1A7 /* AppDelegate.m */,
				5A393CD11B70AC310077B1A7 /* ViewController.h */,
				5A393CD21B70AC310077B1A7 /* ViewController.m */,
				5A393CD41B70AC310077B1A7 /* Main.storyboard */,
				5A393CD71B70AC310077B1A7 /* Assets.xcassets */,
				5A393CD91B70AC310077B1A7 /* LaunchScreen.storyboard */,
				5A393CDC1B70AC310077B1A7 /* Info.plist */,
				5A393CCB1B70AC310077B1A7 /* Supporting Files */,
				5ABBB0971B72ECC50007A852 /* UIWebView+JavaScript.h */,
				5ABBB0981B72ECC50007A852 /* UIWebView+JavaScript.m */,
			);
			path = MyJSView;
			sourceTree = "<group>";
		};
		5A393CCB1B70AC310077B1A7 /* Supporting Files */ = {
			isa = PBXGroup;
			children = (
				5A393CCC1B70AC310077B1A7 /* main.m */,
			);
			name = "Supporting Files";
			sourceTree = "<group>";
		};
/* End PBXGroup section */

/* Begin PBXNativeTarget section */
		5A393CC71B70AC310077B1A7 /* MyJSView */ = {
			isa = PBXNativeTarget;
			buildConfigurationList = 5A393CDF1B70AC310077B1A7 /* Build configuration list for PBXNativeTarget "MyJSView" */;
			buildPhases = (
				5A393CC41B70AC310077B1A7 /* Sources */,
				5A393CC51B70AC310077B1A7 /* Frameworks */,
				5A393CC61B70AC310077B1A7 /* Resources */,
			);
			buildRules = (
			);
			dependencies = (
			);
			name = MyJSView;
			productName = MyJSView;
			productReference = 5A393CC81B70AC310077B1A7 /* MyJSView.app */;
			productType = "com.apple.product-type.application";
		};
/* End PBXNativeTarget section */

/* Begin PBXProject section */
		5A393CC01B70AC310077B1A7 /* Project object */ = {
			isa = PBXProject;
			attributes = {
				LastUpgradeCheck = 0700;
				ORGANIZATIONNAME = "Petey Mi";
				TargetAttributes = {
					5A393CC71B70AC310077B1A7 = {
						CreatedOnToolsVersion = 7.0;
					};
				};
			};
			buildConfigurationList = 5A393CC31B70AC310077B1A7 /* Build configuration list for PBXProject "MyJSView" */;
			compatibilityVersion = "Xcode 3.2";
			developmentRegion = English;
			hasScannedForEncodings = 0;
			knownRegions = (
				en,
				Base,
			);
			mainGroup = 5A393CBF1B70AC310077B1A7;
			productRefGroup = 5A393CC91B70AC310077B1A7 /* Products */;
			projectDirPath = "";
			projectRoot = "";
			targets = (
				5A393CC71B70AC310077B1A7 /* MyJSView */,
			);
		};
/* End PBXProject section */

/* Begin PBXResourcesBuildPhase section */
		5A393CC61B70AC310077B1A7 /* Resources */ = {
			isa = PBXResourcesBuildPhase;
			buildActionMask = 2147483647;
			files = (
				5A393CDB1B70AC310077B1A7 /* LaunchScreen.storyboard in Resources */,
				5A393CD81B70AC310077B1A7 /* Assets.xcassets in Resources */,
				5A393CD61B70AC310077B1A7 /* Main.storyboard in Resources */,
			);
			runOnlyForDeploymentPostprocessing = 0;
		};
/* End PBXResourcesBuildPhase section */

/* Begin PBXSourcesBuildPhase section */
		5A393CC41B70AC310077B1A7 /* Sources */ = {
			isa = PBXSourcesBuildPhase;
			buildActionMask = 2147483647;
			files = (
				5A393CD31B70AC310077B1A7 /* ViewController.m in Sources */,
				5A393CD01B70AC310077B1A7 /* AppDelegate.m in Sources */,
				5ABBB0991B72ECC50007A852 /* UIWebView+JavaScript.m in Sources */,
				5A393CCD1B70AC310077B1A7 /* main.m in Sources */,
			);
			runOnlyForDeploymentPostprocessing = 0;
		};
/* End PBXSourcesBuildPhase section */

/* Begin PBXVariantGroup section */
		5A393CD41B70AC310077B1A7 /* Main.storyboard */ = {
			isa = PBXVariantGroup;
			children = (
				5A393CD51B70AC310077B1A7 /* Base */,
			);
			name = Main.storyboard;
			sourceTree = "<group>";
		};
		5A393CD91B70AC310077B1A7 /* LaunchScreen.storyboard */ = {
			isa = PBXVariantGroup;
			children = (
				5A393CDA1B70AC310077B1A7 /* Base */,
			);
			name = LaunchScreen.storyboard;
			sourceTree = "<group>";
		};
/* End PBXVariantGroup section */

/* Begin XCBuildConfiguration section */
		5A393CDD1B70AC310077B1A7 /* Debug */ = {
			isa = XCBuildConfiguration;
			buildSettings = {
				ALWAYS_SEARCH_USER_PATHS = NO;
				CLANG_CXX_LANGUAGE_STANDARD = "gnu++0x";
				CLANG_CXX_LIBRARY = "libc++";
				CLANG_ENABLE_MODULES = YES;
				CLANG_ENABLE_OBJC_ARC = YES;
				CLANG_WARN_BOOL_CONVERSION = YES;
				CLANG_WARN_CONSTANT_CONVERSION = YES;
				CLANG_WARN_DIRECT_OBJC_ISA_USAGE = YES_ERROR;
				CLANG_WARN_EMPTY_BODY = YES;
				CLANG_WARN_ENUM_CONVERSION = YES;
				CLANG_WARN_INT_CONVERSION = YES;
				CLANG_WARN_OBJC_ROOT_CLASS = YES_ERROR;
				CLANG_WARN_UNREACHABLE_CODE = YES;
				CLANG_WARN__DUPLICATE_METHOD_MATCH = YES;
				"CODE_SIGN_IDENTITY[sdk=iphoneos*]" = "iPhone Developer";
				COPY_PHASE_STRIP = NO;
				DEBUG_INFORMATION_FORMAT = dwarf;
				ENABLE_STRICT_OBJC_MSGSEND = YES;
				ENABLE_TESTABILITY = YES;
				GCC_C_LANGUAGE_STANDARD = gnu99;
				GCC_DYNAMIC_NO_PIC = NO;
				GCC_NO_COMMON_BLOCKS = YES;
				GCC_OPTIMIZATION_LEVEL = 0;
				GCC_PREPROCESSOR_DEFINITIONS = (
					"DEBUG=1",
					"$(inherited)",
				);
				GCC_WARN_64_TO_32_BIT_CONVERSION = YES;
				GCC_WARN_ABOUT_RETURN_TYPE = YES_ERROR;
				GCC_WARN_UNDECLARED_SELECTOR = YES;
				GCC_WARN_UNINITIALIZED_AUTOS = YES_AGGRESSIVE;
				GCC_WARN_UNUSED_FUNCTION = YES;
				GCC_WARN_UNUSED_VARIABLE = YES;
				IPHONEOS_DEPLOYMENT_TARGET = 9.0;
				MTL_ENABLE_DEBUG_INFO = YES;
				ONLY_ACTIVE_ARCH = YES;
				SDKROOT = iphoneos;
			};
			name = Debug;
		};
		5A393CDE1B70AC310077B1A7 /* Release */ = {
			isa = XCBuildConfiguration;
			buildSettings = {
				ALWAYS_SEARCH_USER_PATHS = NO;
				CLANG_CXX_LANGUAGE_STANDARD = "gnu++0x";
				CLANG_CXX_LIBRARY = "libc++";
				CLANG_ENABLE_MODULES = YES;
				CLANG_ENABLE_OBJC_ARC = YES;
				CLANG_WARN_BOOL_CONVERSION = YES;
				CLANG_WARN_CONSTANT_CONVERSION = YES;
				CLANG_WARN_DIRECT_OBJC_ISA_USAGE = YES_ERROR;
				CLANG_WARN_EMPTY_BODY = YES;
				CLANG_WARN_ENUM_CONVERSION = YES;
				CLANG_WARN_INT_CONVERSION = YES;
				CLANG_WARN_OBJC_ROOT_CLASS = YES_ERROR;
				CLANG_WARN_UNREACHABLE_CODE = YES;
				CLANG_WARN__DUPLICATE_METHOD_MATCH = YES;
				"CODE_SIGN_IDENTITY[sdk=iphoneos*]" = "iPhone Developer";
				COPY_PHASE_STRIP = NO;
				DEBUG_INFORMATION_FORMAT = "dwarf-with-dsym";
				ENABLE_NS_ASSERTIONS = NO;
				ENABLE_STRICT_OBJC_MSGSEND = YES;
				GCC_C_LANGUAGE_STANDARD = gnu99;
				GCC_NO_COMMON_BLOCKS = YES;
				GCC_WARN_64_TO_32_BIT_CONVERSION = YES;
				GCC_WARN_ABOUT_RETURN_TYPE = YES_ERROR;
				GCC_WARN_UNDECLARED_SELECTOR = YES;
				GCC_WARN_UNINITIALIZED_AUTOS = YES_AGGRESSIVE;
				GCC_WARN_UNUSED_FUNCTION = YES;
				GCC_WARN_UNUSED_VARIABLE = YES;
				IPHONEOS_DEPLOYMENT_TARGET = 9.0;
				MTL_ENABLE_DEBUG_INFO = NO;
				SDKROOT = iphoneos;
				VALIDATE_PRODUCT = YES;
			};
			name = Release;
		};
		5A393CE01B70AC310077B1A7 /* Debug */ = {
			isa = XCBuildConfiguration;
			buildSettings = {
				ASSETCATALOG_COMPILER_APPICON_NAME = AppIcon;
				INFOPLIST_FILE = MyJSView/Info.plist;
				LD_RUNPATH_SEARCH_PATHS = "$(inherited) @executable_path/Frameworks";
				PRODUCT_BUNDLE_IDENTIFIER = com.company.MyJSView;
				PRODUCT_NAME = "$(TARGET_NAME)";
			};
			name = Debug;
		};
		5A393CE11B70AC310077B1A7 /* Release */ = {
			isa = XCBuildConfiguration;
			buildSettings = {
				ASSETCATALOG_COMPILER_APPICON_NAME = AppIcon;
				INFOPLIST_FILE = MyJSView/Info.plist;
				LD_RUNPATH_SEARCH_PATHS = "$(inherited) @executable_path/Frameworks";
				PRODUCT_BUNDLE_IDENTIFIER = com.company.MyJSView;
				PRODUCT_NAME = "$(TARGET_NAME)";
			};
			name = Release;
		};
/* End XCBuildConfiguration section */

/* Begin XCConfigurationList section */
		5A393CC31B70AC310077B1A7 /* Build configuration list for PBXProject "MyJSView" */ = {
			isa = XCConfigurationList;
			buildConfigurations = (
				5A393CDD1B70AC310077B1A7 /* Debug */,
				5A393CDE1B70AC310077B1A7 /* Release */,
			);
			defaultConfigurationIsVisible = 0;
			defaultConfigurationName = Release;
		};
		5A393CDF1B70AC310077B1A7 /* Build configuration list for PBXNativeTarget "MyJSView" */ = {
			isa = XCConfigurationList;
			buildConfigurations = (
				5A393CE01B70AC310077B1A7 /* Debug */,
				5A393CE11B70AC310077B1A7 /* Release */,
			);
			defaultConfigurationIsVisible = 0;
			defaultConfigurationName = Release;
		};
/* End XCConfigurationList section */
	};
	rootObject = 5A393CC01B70AC310077B1A7 /* Project object */;
}
